
Microsoft Visual Studio Solution File, Format Version 10.00
# Visual Studio 2008
Project("{F184B08F-C81C-45F6-A57F-5ABD9991F28F}") = "ZFDockAuditBMW", "ZFDockAuditBMW\ZFDockAuditBMW.vbproj", "{8B16EC42-77DC-49C7-B068-411B1BE36424}"
EndProject
Project("{B900F1C2-3D47-4FEC-85B3-04AAF18C3634}") = "DockAuditBMW", "DockAuditBMW\DockAuditBMW.vddproj", "{7D68016F-CC30-4E7B-9A7F-817BDEE4CA33}"
EndProject
Global
	GlobalSection(SolutionConfigurationPlatforms) = preSolution
		Debug|Any CPU = Debug|Any CPU
		Release|Any CPU = Release|Any CPU
	EndGlobalSection
	GlobalSection(ProjectConfigurationPlatforms) = postSolution
		{8B16EC42-77DC-49C7-B068-411B1BE36424}.Debug|Any CPU.ActiveCfg = Debug|Any CPU
		{8B16EC42-77DC-49C7-B068-411B1BE36424}.Debug|Any CPU.Build.0 = Debug|Any CPU
		{8B16EC42-77DC-49C7-B068-411B1BE36424}.Debug|Any CPU.Deploy.0 = Debug|Any CPU
		{8B16EC42-77DC-49C7-B068-411B1BE36424}.Release|Any CPU.ActiveCfg = Release|Any CPU
		{8B16EC42-77DC-49C7-B068-411B1BE36424}.Release|Any CPU.Build.0 = Release|Any CPU
		{8B16EC42-77DC-49C7-B068-411B1BE36424}.Release|Any CPU.Deploy.0 = Release|Any CPU
		{7D68016F-CC30-4E7B-9A7F-817BDEE4CA33}.Debug|Any CPU.ActiveCfg = Debug
		{7D68016F-CC30-4E7B-9A7F-817BDEE4CA33}.Release|Any CPU.ActiveCfg = Release
	EndGlobalSection
	GlobalSection(SolutionProperties) = preSolution
		HideSolutionNode = FALSE
	EndGlobalSection
EndGlobal
